{
  "name": "@alexDev7518/roverdevapi",
  "version": "0.0.6",
  "lockfileVersion": 3,
  "requires": true,
  "packages": {
    "": {
      "name": "@alexDev7518/roverdevapi",
      "version": "0.0.6",
      "license": "ISC",
      "dependencies": {
        "@alexdev7518/roverdevapi": "npm:@alexDev7518/roverdevapi@^0.0.5"
      }
    },
    "node_modules/@alexdev7518/roverdevapi": {
      "name": "@alexDev7518/roverdevapi",
      "version": "0.0.5",
      "resolved": "https://npm.pkg.github.com/download/@alexDev7518/roverdevapi/0.0.5/459047d8ad468d583fc2322264a6a40c1629de67",
      "integrity": "sha512-8KvjScN90g9eX8THzPOh6094Gdj4AtLCxU/ZDSViqgC2tUl//VFqJgiMOZkWZutQNOaU/Kyci9fuZqfpFgslLQ==",
      "license": "ISC"
    }
  }
}
